
Microsoft Visual Studio Solution File, Format Version 12.00
# Visual Studio Version 16
VisualStudioVersion = 16.0.29403.142
MinimumVisualStudioVersion = 10.0.40219.1
Project("{9A19103F-16F7-4668-BE54-9A1E7A4F7556}") = "TeamSelection", "TeamSelection\TeamSelection.csproj", "{2B86EE5B-1FCD-4840-81B7-B460C03FF79A}"
EndProject
Project("{9A19103F-16F7-4668-BE54-9A1E7A4F7556}") = "TeamSelectionLibrary", "TeamSelectionLibrary\TeamSelectionLibrary.csproj", "{5608201F-2780-4355-980E-6F59D72B6ACC}"
EndProject
Global
	GlobalSection(SolutionConfigurationPlatforms) = preSolution
		Debug|Any CPU = Debug|Any CPU
		Release|Any CPU = Release|Any CPU
	EndGlobalSection
	GlobalSection(ProjectConfigurationPlatforms) = postSolution
		{2B86EE5B-1FCD-4840-81B7-B460C03FF79A}.Debug|Any CPU.ActiveCfg = Debug|Any CPU
		{2B86EE5B-1FCD-4840-81B7-B460C03FF79A}.Debug|Any CPU.Build.0 = Debug|Any CPU
		{2B86EE5B-1FCD-4840-81B7-B460C03FF79A}.Release|Any CPU.ActiveCfg = Release|Any CPU
		{2B86EE5B-1FCD-4840-81B7-B460C03FF79A}.Release|Any CPU.Build.0 = Release|Any CPU
		{5608201F-2780-4355-980E-6F59D72B6ACC}.Debug|Any CPU.ActiveCfg = Debug|Any CPU
		{5608201F-2780-4355-980E-6F59D72B6ACC}.Debug|Any CPU.Build.0 = Debug|Any CPU
		{5608201F-2780-4355-980E-6F59D72B6ACC}.Release|Any CPU.ActiveCfg = Release|Any CPU
		{5608201F-2780-4355-980E-6F59D72B6ACC}.Release|Any CPU.Build.0 = Release|Any CPU
	EndGlobalSection
	GlobalSection(SolutionProperties) = preSolution
		HideSolutionNode = FALSE
	EndGlobalSection
	GlobalSection(ExtensibilityGlobals) = postSolution
		SolutionGuid = {5823C856-3318-4E70-9066-88B74594BE49}
	EndGlobalSection
EndGlobal
